
Microsoft Visual Studio Solution File, Format Version 12.00
# Visual Studio Version 17
VisualStudioVersion = 17.12.35514.174
MinimumVisualStudioVersion = 10.0.40219.1
Project("{FAE04EC0-301F-11D3-BF4B-00C04F79EFBC}") = "petrol", "Petrol\petrol.csproj", "{90FDF0CA-A20F-4EC2-A021-CBD866A6880A}"
EndProject
Global
	GlobalSection(SolutionConfigurationPlatforms) = preSolution
		Debug|Any CPU = Debug|Any CPU
		Release|Any CPU = Release|Any CPU
	EndGlobalSection
	GlobalSection(ProjectConfigurationPlatforms) = postSolution
		{90FDF0CA-A20F-4EC2-A021-CBD866A6880A}.Debug|Any CPU.ActiveCfg = Debug|Any CPU
		{90FDF0CA-A20F-4EC2-A021-CBD866A6880A}.Debug|Any CPU.Build.0 = Debug|Any CPU
		{90FDF0CA-A20F-4EC2-A021-CBD866A6880A}.Release|Any CPU.ActiveCfg = Release|Any CPU
		{90FDF0CA-A20F-4EC2-A021-CBD866A6880A}.Release|Any CPU.Build.0 = Release|Any CPU
	EndGlobalSection
	GlobalSection(SolutionProperties) = preSolution
		HideSolutionNode = FALSE
	EndGlobalSection
	GlobalSection(ExtensibilityGlobals) = postSolution
		SolutionGuid = {65DAE8C0-5587-4A3D-A54E-DC172BF979B4}
	EndGlobalSection
EndGlobal
